
Microsoft Visual Studio Solution File, Format Version 12.00
# Visual Studio Version 16
VisualStudioVersion = 16.0.30114.128
MinimumVisualStudioVersion = 10.0.40219.1
Project("{FAE04EC0-301F-11D3-BF4B-00C04F79EFBC}") = "Diga.Core.Api.Win32", "Diga.Core.Api.Win32\Diga.Core.Api.Win32.csproj", "{4E630C50-5811-4DBA-B3A1-2A36689DE037}"
EndProject
Project("{FAE04EC0-301F-11D3-BF4B-00C04F79EFBC}") = "Diga.Core.Api.Win32.Std", "Diga.Core.Api.Win32.Std\Diga.Core.Api.Win32.Std.csproj", "{38E3FC76-F79F-4CFF-9F38-9A6D19E3F6D3}"
EndProject
Global
	GlobalSection(SolutionConfigurationPlatforms) = preSolution
		Debug|Any CPU = Debug|Any CPU
		Release|Any CPU = Release|Any CPU
	EndGlobalSection
	GlobalSection(ProjectConfigurationPlatforms) = postSolution
		{4E630C50-5811-4DBA-B3A1-2A36689DE037}.Debug|Any CPU.ActiveCfg = Debug|Any CPU
		{4E630C50-5811-4DBA-B3A1-2A36689DE037}.Debug|Any CPU.Build.0 = Debug|Any CPU
		{4E630C50-5811-4DBA-B3A1-2A36689DE037}.Release|Any CPU.ActiveCfg = Release|Any CPU
		{4E630C50-5811-4DBA-B3A1-2A36689DE037}.Release|Any CPU.Build.0 = Release|Any CPU
		{38E3FC76-F79F-4CFF-9F38-9A6D19E3F6D3}.Debug|Any CPU.ActiveCfg = Debug|Any CPU
		{38E3FC76-F79F-4CFF-9F38-9A6D19E3F6D3}.Debug|Any CPU.Build.0 = Debug|Any CPU
		{38E3FC76-F79F-4CFF-9F38-9A6D19E3F6D3}.Release|Any CPU.ActiveCfg = Release|Any CPU
		{38E3FC76-F79F-4CFF-9F38-9A6D19E3F6D3}.Release|Any CPU.Build.0 = Release|Any CPU
	EndGlobalSection
	GlobalSection(SolutionProperties) = preSolution
		HideSolutionNode = FALSE
	EndGlobalSection
	GlobalSection(ExtensibilityGlobals) = postSolution
		SolutionGuid = {FE034743-605B-40EA-A8FE-55E6C38DE544}
	EndGlobalSection
EndGlobal
